
Microsoft Visual Studio Solution File, Format Version 12.00
# Visual Studio Version 17
VisualStudioVersion = 17.8.34330.188
MinimumVisualStudioVersion = 10.0.40219.1
Project("{9A19103F-16F7-4668-BE54-9A1E7A4F7556}") = "StudentManagement.Models", "StudentManagement.Models\StudentManagement.Models.csproj", "{11A11046-3F26-420E-B5AF-AECE5B297FE1}"
EndProject
Project("{FAE04EC0-301F-11D3-BF4B-00C04F79EFBC}") = "StudentManagment.Data", "StudentManagment.Data\StudentManagment.Data.csproj", "{5C6681B2-D3A1-4026-AC30-D29B3CFBC03E}"
EndProject
Global
	GlobalSection(SolutionConfigurationPlatforms) = preSolution
		Debug|Any CPU = Debug|Any CPU
		Release|Any CPU = Release|Any CPU
	EndGlobalSection
	GlobalSection(ProjectConfigurationPlatforms) = postSolution
		{11A11046-3F26-420E-B5AF-AECE5B297FE1}.Debug|Any CPU.ActiveCfg = Debug|Any CPU
		{11A11046-3F26-420E-B5AF-AECE5B297FE1}.Debug|Any CPU.Build.0 = Debug|Any CPU
		{11A11046-3F26-420E-B5AF-AECE5B297FE1}.Release|Any CPU.ActiveCfg = Release|Any CPU
		{11A11046-3F26-420E-B5AF-AECE5B297FE1}.Release|Any CPU.Build.0 = Release|Any CPU
		{5C6681B2-D3A1-4026-AC30-D29B3CFBC03E}.Debug|Any CPU.ActiveCfg = Debug|Any CPU
		{5C6681B2-D3A1-4026-AC30-D29B3CFBC03E}.Debug|Any CPU.Build.0 = Debug|Any CPU
		{5C6681B2-D3A1-4026-AC30-D29B3CFBC03E}.Release|Any CPU.ActiveCfg = Release|Any CPU
		{5C6681B2-D3A1-4026-AC30-D29B3CFBC03E}.Release|Any CPU.Build.0 = Release|Any CPU
	EndGlobalSection
	GlobalSection(SolutionProperties) = preSolution
		HideSolutionNode = FALSE
	EndGlobalSection
	GlobalSection(ExtensibilityGlobals) = postSolution
		SolutionGuid = {A214BDFB-4DB4-44CF-821F-5D012E8A9FC3}
	EndGlobalSection
EndGlobal
